// !$*UTF8*$!
{
	archiveVersion = 1;
	classes = {
	};
	objectVersion = 46;
	objects = {

/* Begin PBXBuildFile section */
		47117B3B1959CA1400B20209 /* Foundation.framework in Frameworks */ = {isa = PBXBuildFile; fileRef = 47117B3A1959CA1400B20209 /* Foundation.framework */; };
		47117B3D1959CA1400B20209 /* CoreGraphics.framework in Frameworks */ = {isa = PBXBuildFile; fileRef = 47117B3C1959CA1400B20209 /* CoreGraphics.framework */; };
		47117B3F1959CA1400B20209 /* UIKit.framework in Frameworks */ = {isa = PBXBuildFile; fileRef = 47117B3E1959CA1400B20209 /* UIKit.framework */; };
		47117B411959CA1400B20209 /* SpriteKit.framework in Frameworks */ = {isa = PBXBuildFile; fileRef = 47117B401959CA1400B20209 /* SpriteKit.framework */; };
		47117B471959CA1400B20209 /* InfoPlist.strings in Resources */ = {isa = PBXBuildFile; fileRef = 47117B451959CA1400B20209 /* InfoPlist.strings */; };
		47117B491959CA1400B20209 /* main.m in Sources */ = {isa = PBXBuildFile; fileRef = 47117B481959CA1400B20209 /* main.m */; };
		47117B4D1959CA1400B20209 /* AppDelegate.m in Sources */ = {isa = PBXBuildFile; fileRef = 47117B4C1959CA1400B20209 /* AppDelegate.m */; };
		47117B501959CA1400B20209 /* Main.storyboard in Resources */ = {isa = PBXBuildFile; fileRef = 47117B4E1959CA1400B20209 /* Main.storyboard */; };
		47117B531959CA1400B20209 /* ViewController.m in Sources */ = {isa = PBXBuildFile; fileRef = 47117B521959CA1400B20209 /* ViewController.m */; };
		47117B561959CA1400B20209 /* MyScene.m in Sources */ = {isa = PBXBuildFile; fileRef = 47117B551959CA1400B20209 /* MyScene.m */; };
		47117B581959CA1400B20209 /* Spaceship.png in Resources */ = {isa = PBXBuildFile; fileRef = 47117B571959CA1400B20209 /* Spaceship.png */; };
		47117B5A1959CA1400B20209 /* Images.xcassets in Resources */ = {isa = PBXBuildFile; fileRef = 47117B591959CA1400B20209 /* Images.xcassets */; };
		47117B611959CA1400B20209 /* XCTest.framework in Frameworks */ = {isa = PBXBuildFile; fileRef = 47117B601959CA1400B20209 /* XCTest.framework */; };
		47117B621959CA1400B20209 /* Foundation.framework in Frameworks */ = {isa = PBXBuildFile; fileRef = 47117B3A1959CA1400B20209 /* Foundation.framework */; };
		47117B631959CA1400B20209 /* UIKit.framework in Frameworks */ = {isa = PBXBuildFile; fileRef = 47117B3E1959CA1400B20209 /* UIKit.framework */; };
		47117B6B1959CA1400B20209 /* InfoPlist.strings in Resources */ = {isa = PBXBuildFile; fileRef = 47117B691959CA1400B20209 /* InfoPlist.strings */; };
		47117B6D1959CA1400B20209 /* DriveTests.m in Sources */ = {isa = PBXBuildFile; fileRef = 47117B6C1959CA1400B20209 /* DriveTests.m */; };
		475D2DA319625B000015C6B8 /* SelectCarViewController.m in Sources */ = {isa = PBXBuildFile; fileRef = 475D2DA219625B000015C6B8 /* SelectCarViewController.m */; };
		475D2DA619625B310015C6B8 /* SelectLevelViewController.m in Sources */ = {isa = PBXBuildFile; fileRef = 475D2DA519625B310015C6B8 /* SelectLevelViewController.m */; };
		475E5EA1195A5A610063FD68 /* btn-gamecenter.png in Resources */ = {isa = PBXBuildFile; fileRef = 475E5E6B195A5A610063FD68 /* btn-gamecenter.png */; };
		475E5EA2195A5A610063FD68 /* btn-gamecenter@2x.png in Resources */ = {isa = PBXBuildFile; fileRef = 475E5E6C195A5A610063FD68 /* btn-gamecenter@2x.png */; };
		475E5EAF195A5A610063FD68 /* steering-wheel.png in Resources */ = {isa = PBXBuildFile; fileRef = 475E5E79195A5A610063FD68 /* steering-wheel.png */; };
		475E5EB0195A5A610063FD68 /* steering-wheel@2x.png in Resources */ = {isa = PBXBuildFile; fileRef = 475E5E7A195A5A610063FD68 /* steering-wheel@2x.png */; };
		475E5EB1195A5A610063FD68 /* LevelDetails.plist in Resources */ = {isa = PBXBuildFile; fileRef = 475E5E7C195A5A610063FD68 /* LevelDetails.plist */; };
		475E5EB2195A5A610063FD68 /* box.wav in Resources */ = {isa = PBXBuildFile; fileRef = 475E5E7E195A5A610063FD68 /* box.wav */; };
		475E5EB3195A5A610063FD68 /* button_press.wav in Resources */ = {isa = PBXBuildFile; fileRef = 475E5E7F195A5A610063FD68 /* button_press.wav */; };
		475E5EB4195A5A610063FD68 /* circuitracer.mp3 in Resources */ = {isa = PBXBuildFile; fileRef = 475E5E80195A5A610063FD68 /* circuitracer.mp3 */; };
		475E5EB5195A5A610063FD68 /* horn.wav in Resources */ = {isa = PBXBuildFile; fileRef = 475E5E81195A5A610063FD68 /* horn.wav */; };
		475E5EB6195A5A610063FD68 /* lap.wav in Resources */ = {isa = PBXBuildFile; fileRef = 475E5E82195A5A610063FD68 /* lap.wav */; };
		475E5EB7195A5A610063FD68 /* nitro.wav in Resources */ = {isa = PBXBuildFile; fileRef = 475E5E83195A5A610063FD68 /* nitro.wav */; };
		475E5EB8195A5A610063FD68 /* sprites.atlas in Resources */ = {isa = PBXBuildFile; fileRef = 475E5E84195A5A610063FD68 /* sprites.atlas */; };
		47696E47195D27EA00A41AC6 /* SKAction+SKTExtras.m in Sources */ = {isa = PBXBuildFile; fileRef = 47696E3E195D27EA00A41AC6 /* SKAction+SKTExtras.m */; };
		47696E48195D27EA00A41AC6 /* SKEmitterNode+SKTExtras.m in Sources */ = {isa = PBXBuildFile; fileRef = 47696E40195D27EA00A41AC6 /* SKEmitterNode+SKTExtras.m */; };
		47696E49195D27EA00A41AC6 /* SKNode+SKTExtras.m in Sources */ = {isa = PBXBuildFile; fileRef = 47696E42195D27EA00A41AC6 /* SKNode+SKTExtras.m */; };
		47696E4A195D27EA00A41AC6 /* SKTAudio.m in Sources */ = {isa = PBXBuildFile; fileRef = 47696E44195D27EA00A41AC6 /* SKTAudio.m */; };
		47696E4B195D27EA00A41AC6 /* SKTUtils.mm in Sources */ = {isa = PBXBuildFile; fileRef = 47696E46195D27EA00A41AC6 /* SKTUtils.mm */; };
		47696E4E195D283500A41AC6 /* AnalogControl.m in Sources */ = {isa = PBXBuildFile; fileRef = 47696E4D195D283500A41AC6 /* AnalogControl.m */; };
		47B293CC197D3E10006BE2D1 /* HomeScreenViewController.m in Sources */ = {isa = PBXBuildFile; fileRef = 47B293CB197D3E10006BE2D1 /* HomeScreenViewController.m */; };
		47FDCB8B1972B59B003723C1 /* GameKitHelper.m in Sources */ = {isa = PBXBuildFile; fileRef = 47FDCB8A1972B59B003723C1 /* GameKitHelper.m */; };
		47FDCB8E1972BF35003723C1 /* DriveNavigationController.m in Sources */ = {isa = PBXBuildFile; fileRef = 47FDCB8D1972BF35003723C1 /* DriveNavigationController.m */; };
		47FDCB911972CB4A003723C1 /* AchievementsHelper.m in Sources */ = {isa = PBXBuildFile; fileRef = 47FDCB901972CB4A003723C1 /* AchievementsHelper.m */; };
		91C7E3A41C1CB27900A38B32 /* achievment-amateur.png in Resources */ = {isa = PBXBuildFile; fileRef = 91C7E3A01C1CB27900A38B32 /* achievment-amateur.png */; };
		91C7E3A51C1CB27900A38B32 /* achievment-destruction.png in Resources */ = {isa = PBXBuildFile; fileRef = 91C7E3A11C1CB27900A38B32 /* achievment-destruction.png */; };
		91C7E3A61C1CB27900A38B32 /* achievment-intermediate.png in Resources */ = {isa = PBXBuildFile; fileRef = 91C7E3A21C1CB27900A38B32 /* achievment-intermediate.png */; };
		91C7E3A71C1CB27900A38B32 /* achievment-professional.png in Resources */ = {isa = PBXBuildFile; fileRef = 91C7E3A31C1CB27900A38B32 /* achievment-professional.png */; };
		91C7E3BD1C1CB39C00A38B32 /* track_1.png in Resources */ = {isa = PBXBuildFile; fileRef = 91C7E3B61C1CB39C00A38B32 /* track_1.png */; };
		91C7E3BE1C1CB39C00A38B32 /* track_1@2x.png in Resources */ = {isa = PBXBuildFile; fileRef = 91C7E3B71C1CB39C00A38B32 /* track_1@2x.png */; };
		91C7E3BF1C1CB39C00A38B32 /* track_2.png in Resources */ = {isa = PBXBuildFile; fileRef = 91C7E3B81C1CB39C00A38B32 /* track_2.png */; };
		91C7E3C01C1CB39C00A38B32 /* track_2@2x.png in Resources */ = {isa = PBXBuildFile; fileRef = 91C7E3B91C1CB39C00A38B32 /* track_2@2x.png */; };
		91C7E3C11C1CB39C00A38B32 /* track_3.png in Resources */ = {isa = PBXBuildFile; fileRef = 91C7E3BA1C1CB39C00A38B32 /* track_3.png */; };
		91C7E3C21C1CB39C00A38B32 /* track_3@2x.png in Resources */ = {isa = PBXBuildFile; fileRef = 91C7E3BB1C1CB39C00A38B32 /* track_3@2x.png */; };
		91C7E3F81C1CB49300A38B32 /* base.png in Resources */ = {isa = PBXBuildFile; fileRef = 91C7E3C61C1CB49300A38B32 /* base.png */; };
		91C7E3F91C1CB49300A38B32 /* base@2x.png in Resources */ = {isa = PBXBuildFile; fileRef = 91C7E3C71C1CB49300A38B32 /* base@2x.png */; };
		91C7E3FE1C1CB49300A38B32 /* btn-car1.png in Resources */ = {isa = PBXBuildFile; fileRef = 91C7E3CC1C1CB49300A38B32 /* btn-car1.png */; };
		91C7E3FF1C1CB49300A38B32 /* btn-car1@2x.png in Resources */ = {isa = PBXBuildFile; fileRef = 91C7E3CD1C1CB49300A38B32 /* btn-car1@2x.png */; };
		91C7E4001C1CB49300A38B32 /* btn-car2.png in Resources */ = {isa = PBXBuildFile; fileRef = 91C7E3CE1C1CB49300A38B32 /* btn-car2.png */; };
		91C7E4011C1CB49300A38B32 /* btn-car2@2x.png in Resources */ = {isa = PBXBuildFile; fileRef = 91C7E3CF1C1CB49300A38B32 /* btn-car2@2x.png */; };
		91C7E4021C1CB49300A38B32 /* btn-car3.png in Resources */ = {isa = PBXBuildFile; fileRef = 91C7E3D01C1CB49300A38B32 /* btn-car3.png */; };
		91C7E4031C1CB49300A38B32 /* btn-car3@2x.png in Resources */ = {isa = PBXBuildFile; fileRef = 91C7E3D11C1CB49300A38B32 /* btn-car3@2x.png */; };
		91C7E4051C1CB49300A38B32 /* btn-easy@2x.png in Resources */ = {isa = PBXBuildFile; fileRef = 91C7E3D31C1CB49300A38B32 /* btn-easy@2x.png */; };
		91C7E4071C1CB49300A38B32 /* btn-fast@2x.png in Resources */ = {isa = PBXBuildFile; fileRef = 91C7E3D51C1CB49300A38B32 /* btn-fast@2x.png */; };
		91C7E40A1C1CB49300A38B32 /* btn-hard@2x.png in Resources */ = {isa = PBXBuildFile; fileRef = 91C7E3D81C1CB49300A38B32 /* btn-hard@2x.png */; };
		91C7E40D1C1CB49300A38B32 /* btn-medium@2x.png in Resources */ = {isa = PBXBuildFile; fileRef = 91C7E3DB1C1CB49300A38B32 /* btn-medium@2x.png */; };
		91C7E40F1C1CB49300A38B32 /* btn-pause.png in Resources */ = {isa = PBXBuildFile; fileRef = 91C7E3DD1C1CB49300A38B32 /* btn-pause.png */; };
		91C7E4101C1CB49300A38B32 /* btn-pause@2x.png in Resources */ = {isa = PBXBuildFile; fileRef = 91C7E3DE1C1CB49300A38B32 /* btn-pause@2x.png */; };
		91C7E4111C1CB49300A38B32 /* btn-play-new.png in Resources */ = {isa = PBXBuildFile; fileRef = 91C7E3DF1C1CB49300A38B32 /* btn-play-new.png */; };
		91C7E4121C1CB49300A38B32 /* btn-play@-new2x.png in Resources */ = {isa = PBXBuildFile; fileRef = 91C7E3E01C1CB49300A38B32 /* btn-play@-new2x.png */; };
		91C7E4131C1CB49300A38B32 /* btn-select-car@2x.png in Resources */ = {isa = PBXBuildFile; fileRef = 91C7E3E11C1CB49300A38B32 /* btn-select-car@2x.png */; };
		91C7E4141C1CB49300A38B32 /* btn-select-track@2x.png in Resources */ = {isa = PBXBuildFile; fileRef = 91C7E3E21C1CB49300A38B32 /* btn-select-track@2x.png */; };
		91C7E4151C1CB49300A38B32 /* btn-slow@2x.png in Resources */ = {isa = PBXBuildFile; fileRef = 91C7E3E31C1CB49300A38B32 /* btn-slow@2x.png */; };
		91C7E4161C1CB49300A38B32 /* btn-play@2x.png in Resources */ = {isa = PBXBuildFile; fileRef = 91C7E3E41C1CB49300A38B32 /* btn-play@2x.png */; };
		91C7E4201C1CB49300A38B32 /* knob.png in Resources */ = {isa = PBXBuildFile; fileRef = 91C7E3EE1C1CB49300A38B32 /* knob.png */; };
		91C7E4211C1CB49300A38B32 /* knob@2x.png in Resources */ = {isa = PBXBuildFile; fileRef = 91C7E3EF1C1CB49300A38B32 /* knob@2x.png */; };
		91C7E4221C1CB49300A38B32 /* mmulogoshape.png in Resources */ = {isa = PBXBuildFile; fileRef = 91C7E3F01C1CB49300A38B32 /* mmulogoshape.png */; };
		91C7E4241C1CB49300A38B32 /* steering-wheel-horn.png in Resources */ = {isa = PBXBuildFile; fileRef = 91C7E3F21C1CB49300A38B32 /* steering-wheel-horn.png */; };
		91C7E4251C1CB49300A38B32 /* steering-wheel-horn@2x.png in Resources */ = {isa = PBXBuildFile; fileRef = 91C7E3F31C1CB49300A38B32 /* steering-wheel-horn@2x.png */; };
		91C7E4321C1CBE7200A38B32 /* btn-easy.png in Resources */ = {isa = PBXBuildFile; fileRef = 91C7E42A1C1CBE7200A38B32 /* btn-easy.png */; };
		91C7E4331C1CBE7200A38B32 /* btn-fast.png in Resources */ = {isa = PBXBuildFile; fileRef = 91C7E42B1C1CBE7200A38B32 /* btn-fast.png */; };
		91C7E4341C1CBE7200A38B32 /* btn-hard.png in Resources */ = {isa = PBXBuildFile; fileRef = 91C7E42C1C1CBE7200A38B32 /* btn-hard.png */; };
		91C7E4351C1CBE7200A38B32 /* btn-medium.png in Resources */ = {isa = PBXBuildFile; fileRef = 91C7E42D1C1CBE7200A38B32 /* btn-medium.png */; };
		91C7E4361C1CBE7200A38B32 /* btn-select-car.png in Resources */ = {isa = PBXBuildFile; fileRef = 91C7E42E1C1CBE7200A38B32 /* btn-select-car.png */; };
		91C7E4371C1CBE7200A38B32 /* btn-select-track.png in Resources */ = {isa = PBXBuildFile; fileRef = 91C7E42F1C1CBE7200A38B32 /* btn-select-track.png */; };
		91C7E4381C1CBE7200A38B32 /* btn-slow.png in Resources */ = {isa = PBXBuildFile; fileRef = 91C7E4301C1CBE7200A38B32 /* btn-slow.png */; };
		91C7E4391C1CBE7200A38B32 /* btn-play.png in Resources */ = {isa = PBXBuildFile; fileRef = 91C7E4311C1CBE7200A38B32 /* btn-play.png */; };
		91C7E43C1C1CD92400A38B32 /* btn-info.png in Resources */ = {isa = PBXBuildFile; fileRef = 91C7E43A1C1CD92400A38B32 /* btn-info.png */; };
		91C7E43D1C1CD92400A38B32 /* btn-info@2x.png in Resources */ = {isa = PBXBuildFile; fileRef = 91C7E43B1C1CD92400A38B32 /* btn-info@2x.png */; };
		91C7E4421C1CDC0D00A38B32 /* btn-back.png in Resources */ = {isa = PBXBuildFile; fileRef = 91C7E43E1C1CDC0D00A38B32 /* btn-back.png */; };
		91C7E4431C1CDC0D00A38B32 /* btn-back@2x.png in Resources */ = {isa = PBXBuildFile; fileRef = 91C7E43F1C1CDC0D00A38B32 /* btn-back@2x.png */; };
		91C7E4441C1CDC0D00A38B32 /* btn-back2.png in Resources */ = {isa = PBXBuildFile; fileRef = 91C7E4401C1CDC0D00A38B32 /* btn-back2.png */; };
		91C7E4451C1CDC0D00A38B32 /* btn-back2@2x.png in Resources */ = {isa = PBXBuildFile; fileRef = 91C7E4411C1CDC0D00A38B32 /* btn-back2@2x.png */; };
		91D3C4D91C1CF03B00F94643 /* bg-main-menu-base@2x.png in Resources */ = {isa = PBXBuildFile; fileRef = 91D3C4D31C1CF03B00F94643 /* bg-main-menu-base@2x.png */; };
		91D3C4DA1C1CF03B00F94643 /* bg-main-menu@2x.png in Resources */ = {isa = PBXBuildFile; fileRef = 91D3C4D41C1CF03B00F94643 /* bg-main-menu@2x.png */; };
		91D3C4DB1C1CF03B00F94643 /* bg-select-car.png in Resources */ = {isa = PBXBuildFile; fileRef = 91D3C4D51C1CF03B00F94643 /* bg-select-car.png */; };
		91D3C4DC1C1CF03B00F94643 /* bg-select-car@2x.png in Resources */ = {isa = PBXBuildFile; fileRef = 91D3C4D61C1CF03B00F94643 /* bg-select-car@2x.png */; };
		91D3C4DD1C1CF03B00F94643 /* bg-select-difficulty.png in Resources */ = {isa = PBXBuildFile; fileRef = 91D3C4D71C1CF03B00F94643 /* bg-select-difficulty.png */; };
		91D3C4DE1C1CF03B00F94643 /* bg-select-difficulty@2x.png in Resources */ = {isa = PBXBuildFile; fileRef = 91D3C4D81C1CF03B00F94643 /* bg-select-difficulty@2x.png */; };
/* End PBXBuildFile section */

/* Begin PBXContainerItemProxy section */
		47117B641959CA1400B20209 /* PBXContainerItemProxy */ = {
			isa = PBXContainerItemProxy;
			containerPortal = 47117B2F1959CA1400B20209 /* Project object */;
			proxyType = 1;
			remoteGlobalIDString = 47117B361959CA1400B20209;
			remoteInfo = Drive;
		};
/* End PBXContainerItemProxy section */

/* Begin PBXFileReference section */
		47117B371959CA1400B20209 /* Drive.app */ = {isa = PBXFileReference; explicitFileType = wrapper.application; includeInIndex = 0; path = Drive.app; sourceTree = BUILT_PRODUCTS_DIR; };
		47117B3A1959CA1400B20209 /* Foundation.framework */ = {isa = PBXFileReference; lastKnownFileType = wrapper.framework; name = Foundation.framework; path = System/Library/Frameworks/Foundation.framework; sourceTree = SDKROOT; };
		47117B3C1959CA1400B20209 /* CoreGraphics.framework */ = {isa = PBXFileReference; lastKnownFileType = wrapper.framework; name = CoreGraphics.framework; path = System/Library/Frameworks/CoreGraphics.framework; sourceTree = SDKROOT; };
		47117B3E1959CA1400B20209 /* UIKit.framework */ = {isa = PBXFileReference; lastKnownFileType = wrapper.framework; name = UIKit.framework; path = System/Library/Frameworks/UIKit.framework; sourceTree = SDKROOT; };
		47117B401959CA1400B20209 /* SpriteKit.framework */ = {isa = PBXFileReference; lastKnownFileType = wrapper.framework; name = SpriteKit.framework; path = System/Library/Frameworks/SpriteKit.framework; sourceTree = SDKROOT; };
		47117B441959CA1400B20209 /* Drive-Info.plist */ = {isa = PBXFileReference; lastKnownFileType = text.plist.xml; path = "Drive-Info.plist"; sourceTree = "<group>"; };
		47117B461959CA1400B20209 /* en */ = {isa = PBXFileReference; lastKnownFileType = text.plist.strings; name = en; path = en.lproj/InfoPlist.strings; sourceTree = "<group>"; };
		47117B481959CA1400B20209 /* main.m */ = {isa = PBXFileReference; lastKnownFileType = sourcecode.c.objc; path = main.m; sourceTree = "<group>"; };
		47117B4A1959CA1400B20209 /* Drive-Prefix.pch */ = {isa = PBXFileReference; lastKnownFileType = sourcecode.c.h; path = "Drive-Prefix.pch"; sourceTree = "<group>"; };
		47117B4B1959CA1400B20209 /* AppDelegate.h */ = {isa = PBXFileReference; lastKnownFileType = sourcecode.c.h; path = AppDelegate.h; sourceTree = "<group>"; };
		47117B4C1959CA1400B20209 /* AppDelegate.m */ = {isa = PBXFileReference; lastKnownFileType = sourcecode.c.objc; path = AppDelegate.m; sourceTree = "<group>"; };
		47117B4F1959CA1400B20209 /* Base */ = {isa = PBXFileReference; lastKnownFileType = file.storyboard; name = Base; path = Base.lproj/Main.storyboard; sourceTree = "<group>"; };
		47117B511959CA1400B20209 /* ViewController.h */ = {isa = PBXFileReference; lastKnownFileType = sourcecode.c.h; path = ViewController.h; sourceTree = "<group>"; };
		47117B521959CA1400B20209 /* ViewController.m */ = {isa = PBXFileReference; lastKnownFileType = sourcecode.c.objc; path = ViewController.m; sourceTree = "<group>"; };
		47117B541959CA1400B20209 /* MyScene.h */ = {isa = PBXFileReference; lastKnownFileType = sourcecode.c.h; path = MyScene.h; sourceTree = "<group>"; };
		47117B551959CA1400B20209 /* MyScene.m */ = {isa = PBXFileReference; lastKnownFileType = sourcecode.c.objc; path = MyScene.m; sourceTree = "<group>"; };
		47117B571959CA1400B20209 /* Spaceship.png */ = {isa = PBXFileReference; lastKnownFileType = image.png; path = Spaceship.png; sourceTree = "<group>"; };
		47117B591959CA1400B20209 /* Images.xcassets */ = {isa = PBXFileReference; lastKnownFileType = folder.assetcatalog; path = Images.xcassets; sourceTree = "<group>"; };
		47117B5F1959CA1400B20209 /* DriveTests.xctest */ = {isa = PBXFileReference; explicitFileType = wrapper.cfbundle; includeInIndex = 0; path = DriveTests.xctest; sourceTree = BUILT_PRODUCTS_DIR; };
		47117B601959CA1400B20209 /* XCTest.framework */ = {isa = PBXFileReference; lastKnownFileType = wrapper.framework; name = XCTest.framework; path = Library/Frameworks/XCTest.framework; sourceTree = DEVELOPER_DIR; };
		47117B681959CA1400B20209 /* DriveTests-Info.plist */ = {isa = PBXFileReference; lastKnownFileType = text.plist.xml; path = "DriveTests-Info.plist"; sourceTree = "<group>"; };
		47117B6A1959CA1400B20209 /* en */ = {isa = PBXFileReference; lastKnownFileType = text.plist.strings; name = en; path = en.lproj/InfoPlist.strings; sourceTree = "<group>"; };
		47117B6C1959CA1400B20209 /* DriveTests.m */ = {isa = PBXFileReference; lastKnownFileType = sourcecode.c.objc; path = DriveTests.m; sourceTree = "<group>"; };
		475D2DA119625B000015C6B8 /* SelectCarViewController.h */ = {isa = PBXFileReference; fileEncoding = 4; lastKnownFileType = sourcecode.c.h; path = SelectCarViewController.h; sourceTree = "<group>"; };
		475D2DA219625B000015C6B8 /* SelectCarViewController.m */ = {isa = PBXFileReference; fileEncoding = 4; lastKnownFileType = sourcecode.c.objc; path = SelectCarViewController.m; sourceTree = "<group>"; };
		475D2DA419625B310015C6B8 /* SelectLevelViewController.h */ = {isa = PBXFileReference; fileEncoding = 4; lastKnownFileType = sourcecode.c.h; path = SelectLevelViewController.h; sourceTree = "<group>"; };
		475D2DA519625B310015C6B8 /* SelectLevelViewController.m */ = {isa = PBXFileReference; fileEncoding = 4; lastKnownFileType = sourcecode.c.objc; path = SelectLevelViewController.m; sourceTree = "<group>"; };
		475E5E6B195A5A610063FD68 /* btn-gamecenter.png */ = {isa = PBXFileReference; lastKnownFileType = image.png; path = "btn-gamecenter.png"; sourceTree = "<group>"; };
		475E5E6C195A5A610063FD68 /* btn-gamecenter@2x.png */ = {isa = PBXFileReference; lastKnownFileType = image.png; path = "btn-gamecenter@2x.png"; sourceTree = "<group>"; };
		475E5E79195A5A610063FD68 /* steering-wheel.png */ = {isa = PBXFileReference; lastKnownFileType = image.png; path = "steering-wheel.png"; sourceTree = "<group>"; };
		475E5E7A195A5A610063FD68 /* steering-wheel@2x.png */ = {isa = PBXFileReference; lastKnownFileType = image.png; path = "steering-wheel@2x.png"; sourceTree = "<group>"; };
		475E5E7C195A5A610063FD68 /* LevelDetails.plist */ = {isa = PBXFileReference; fileEncoding = 4; lastKnownFileType = text.plist.xml; path = LevelDetails.plist; sourceTree = "<group>"; };
		475E5E7E195A5A610063FD68 /* box.wav */ = {isa = PBXFileReference; lastKnownFileType = audio.wav; path = box.wav; sourceTree = "<group>"; };
		475E5E7F195A5A610063FD68 /* button_press.wav */ = {isa = PBXFileReference; lastKnownFileType = audio.wav; path = button_press.wav; sourceTree = "<group>"; };
		475E5E80195A5A610063FD68 /* circuitracer.mp3 */ = {isa = PBXFileReference; lastKnownFileType = audio.mp3; path = circuitracer.mp3; sourceTree = "<group>"; };
		475E5E81195A5A610063FD68 /* horn.wav */ = {isa = PBXFileReference; lastKnownFileType = audio.wav; path = horn.wav; sourceTree = "<group>"; };
		475E5E82195A5A610063FD68 /* lap.wav */ = {isa = PBXFileReference; lastKnownFileType = audio.wav; path = lap.wav; sourceTree = "<group>"; };
		475E5E83195A5A610063FD68 /* nitro.wav */ = {isa = PBXFileReference; lastKnownFileType = audio.wav; path = nitro.wav; sourceTree = "<group>"; };
		475E5E84195A5A610063FD68 /* sprites.atlas */ = {isa = PBXFileReference; lastKnownFileType = folder.skatlas; path = sprites.atlas; sourceTree = "<group>"; };
		47696E3D195D27EA00A41AC6 /* SKAction+SKTExtras.h */ = {isa = PBXFileReference; fileEncoding = 4; lastKnownFileType = sourcecode.c.h; path = "SKAction+SKTExtras.h"; sourceTree = "<group>"; };
		47696E3E195D27EA00A41AC6 /* SKAction+SKTExtras.m */ = {isa = PBXFileReference; fileEncoding = 4; lastKnownFileType = sourcecode.c.objc; path = "SKAction+SKTExtras.m"; sourceTree = "<group>"; };
		47696E3F195D27EA00A41AC6 /* SKEmitterNode+SKTExtras.h */ = {isa = PBXFileReference; fileEncoding = 4; lastKnownFileType = sourcecode.c.h; path = "SKEmitterNode+SKTExtras.h"; sourceTree = "<group>"; };
		47696E40195D27EA00A41AC6 /* SKEmitterNode+SKTExtras.m */ = {isa = PBXFileReference; fileEncoding = 4; lastKnownFileType = sourcecode.c.objc; path = "SKEmitterNode+SKTExtras.m"; sourceTree = "<group>"; };
		47696E41195D27EA00A41AC6 /* SKNode+SKTExtras.h */ = {isa = PBXFileReference; fileEncoding = 4; lastKnownFileType = sourcecode.c.h; path = "SKNode+SKTExtras.h"; sourceTree = "<group>"; };
		47696E42195D27EA00A41AC6 /* SKNode+SKTExtras.m */ = {isa = PBXFileReference; fileEncoding = 4; lastKnownFileType = sourcecode.c.objc; path = "SKNode+SKTExtras.m"; sourceTree = "<group>"; };
		47696E43195D27EA00A41AC6 /* SKTAudio.h */ = {isa = PBXFileReference; fileEncoding = 4; lastKnownFileType = sourcecode.c.h; path = SKTAudio.h; sourceTree = "<group>"; };
		47696E44195D27EA00A41AC6 /* SKTAudio.m */ = {isa = PBXFileReference; fileEncoding = 4; lastKnownFileType = sourcecode.c.objc; path = SKTAudio.m; sourceTree = "<group>"; };
		47696E45195D27EA00A41AC6 /* SKTUtils.h */ = {isa = PBXFileReference; fileEncoding = 4; lastKnownFileType = sourcecode.c.h; path = SKTUtils.h; sourceTree = "<group>"; };
		47696E46195D27EA00A41AC6 /* SKTUtils.mm */ = {isa = PBXFileReference; fileEncoding = 4; lastKnownFileType = sourcecode.cpp.objcpp; path = SKTUtils.mm; sourceTree = "<group>"; };
		47696E4C195D283500A41AC6 /* AnalogControl.h */ = {isa = PBXFileReference; fileEncoding = 4; lastKnownFileType = sourcecode.c.h; path = AnalogControl.h; sourceTree = "<group>"; };
		47696E4D195D283500A41AC6 /* AnalogControl.m */ = {isa = PBXFileReference; fileEncoding = 4; lastKnownFileType = sourcecode.c.objc; path = AnalogControl.m; sourceTree = "<group>"; };
		47B293CA197D3E10006BE2D1 /* HomeScreenViewController.h */ = {isa = PBXFileReference; fileEncoding = 4; lastKnownFileType = sourcecode.c.h; path = HomeScreenViewController.h; sourceTree = "<group>"; };
		47B293CB197D3E10006BE2D1 /* HomeScreenViewController.m */ = {isa = PBXFileReference; fileEncoding = 4; lastKnownFileType = sourcecode.c.objc; path = HomeScreenViewController.m; sourceTree = "<group>"; };
		47FDCB891972B59B003723C1 /* GameKitHelper.h */ = {isa = PBXFileReference; fileEncoding = 4; lastKnownFileType = sourcecode.c.h; name = GameKitHelper.h; path = GameKit/GameKitHelper.h; sourceTree = "<group>"; };
		47FDCB8A1972B59B003723C1 /* GameKitHelper.m */ = {isa = PBXFileReference; fileEncoding = 4; lastKnownFileType = sourcecode.c.objc; name = GameKitHelper.m; path = GameKit/GameKitHelper.m; sourceTree = "<group>"; };
		47FDCB8C1972BF35003723C1 /* DriveNavigationController.h */ = {isa = PBXFileReference; fileEncoding = 4; lastKnownFileType = sourcecode.c.h; path = DriveNavigationController.h; sourceTree = "<group>"; };
		47FDCB8D1972BF35003723C1 /* DriveNavigationController.m */ = {isa = PBXFileReference; fileEncoding = 4; lastKnownFileType = sourcecode.c.objc; path = DriveNavigationController.m; sourceTree = "<group>"; };
		47FDCB8F1972CB4A003723C1 /* AchievementsHelper.h */ = {isa = PBXFileReference; fileEncoding = 4; lastKnownFileType = sourcecode.c.h; name = AchievementsHelper.h; path = GameKit/AchievementsHelper.h; sourceTree = "<group>"; };
		47FDCB901972CB4A003723C1 /* AchievementsHelper.m */ = {isa = PBXFileReference; fileEncoding = 4; lastKnownFileType = sourcecode.c.objc; name = AchievementsHelper.m; path = GameKit/AchievementsHelper.m; sourceTree = "<group>"; };
		91C7E3A01C1CB27900A38B32 /* achievment-amateur.png */ = {isa = PBXFileReference; lastKnownFileType = image.png; name = "achievment-amateur.png"; path = "../../../../../hubiC/JON-RemoteMac/car_graphics/achievment-amateur.png"; sourceTree = "<group>"; };
		91C7E3A11C1CB27900A38B32 /* achievment-destruction.png */ = {isa = PBXFileReference; lastKnownFileType = image.png; name = "achievment-destruction.png"; path = "../../../../../hubiC/JON-RemoteMac/car_graphics/achievment-destruction.png"; sourceTree = "<group>"; };
		91C7E3A21C1CB27900A38B32 /* achievment-intermediate.png */ = {isa = PBXFileReference; lastKnownFileType = image.png; name = "achievment-intermediate.png"; path = "../../../../../hubiC/JON-RemoteMac/car_graphics/achievment-intermediate.png"; sourceTree = "<group>"; };
		91C7E3A31C1CB27900A38B32 /* achievment-professional.png */ = {isa = PBXFileReference; lastKnownFileType = image.png; name = "achievment-professional.png"; path = "../../../../../hubiC/JON-RemoteMac/car_graphics/achievment-professional.png"; sourceTree = "<group>"; };
		91C7E3B61C1CB39C00A38B32 /* track_1.png */ = {isa = PBXFileReference; lastKnownFileType = image.png; name = track_1.png; path = "../../../../../hubiC/JON-RemoteMac/car_graphics/track_1.png"; sourceTree = "<group>"; };
		91C7E3B71C1CB39C00A38B32 /* track_1@2x.png */ = {isa = PBXFileReference; lastKnownFileType = image.png; name = "track_1@2x.png"; path = "../../../../../hubiC/JON-RemoteMac/car_graphics/track_1@2x.png"; sourceTree = "<group>"; };
		91C7E3B81C1CB39C00A38B32 /* track_2.png */ = {isa = PBXFileReference; lastKnownFileType = image.png; name = track_2.png; path = "../../../../../hubiC/JON-RemoteMac/car_graphics/track_2.png"; sourceTree = "<group>"; };
		91C7E3B91C1CB39C00A38B32 /* track_2@2x.png */ = {isa = PBXFileReference; lastKnownFileType = image.png; name = "track_2@2x.png"; path = "../../../../../hubiC/JON-RemoteMac/car_graphics/track_2@2x.png"; sourceTree = "<group>"; };
		91C7E3BA1C1CB39C00A38B32 /* track_3.png */ = {isa = PBXFileReference; lastKnownFileType = image.png; name = track_3.png; path = "../../../../../hubiC/JON-RemoteMac/car_graphics/track_3.png"; sourceTree = "<group>"; };
		91C7E3BB1C1CB39C00A38B32 /* track_3@2x.png */ = {isa = PBXFileReference; lastKnownFileType = image.png; name = "track_3@2x.png"; path = "../../../../../hubiC/JON-RemoteMac/car_graphics/track_3@2x.png"; sourceTree = "<group>"; };
		91C7E3C61C1CB49300A38B32 /* base.png */ = {isa = PBXFileReference; lastKnownFileType = image.png; name = base.png; path = "../../../../../hubiC/JON-RemoteMac/car_graphics/base.png"; sourceTree = "<group>"; };
		91C7E3C71C1CB49300A38B32 /* base@2x.png */ = {isa = PBXFileReference; lastKnownFileType = image.png; name = "base@2x.png"; path = "../../../../../hubiC/JON-RemoteMac/car_graphics/base@2x.png"; sourceTree = "<group>"; };
		91C7E3CC1C1CB49300A38B32 /* btn-car1.png */ = {isa = PBXFileReference; lastKnownFileType = image.png; name = "btn-car1.png"; path = "../../../../../hubiC/JON-RemoteMac/car_graphics/btn-car1.png"; sourceTree = "<group>"; };
		91C7E3CD1C1CB49300A38B32 /* btn-car1@2x.png */ = {isa = PBXFileReference; lastKnownFileType = image.png; name = "btn-car1@2x.png"; path = "../../../../../hubiC/JON-RemoteMac/car_graphics/btn-car1@2x.png"; sourceTree = "<group>"; };
		91C7E3CE1C1CB49300A38B32 /* btn-car2.png */ = {isa = PBXFileReference; lastKnownFileType = image.png; name = "btn-car2.png"; path = "../../../../../hubiC/JON-RemoteMac/car_graphics/btn-car2.png"; sourceTree = "<group>"; };
		91C7E3CF1C1CB49300A38B32 /* btn-car2@2x.png */ = {isa = PBXFileReference; lastKnownFileType = image.png; name = "btn-car2@2x.png"; path = "../../../../../hubiC/JON-RemoteMac/car_graphics/btn-car2@2x.png"; sourceTree = "<group>"; };
		91C7E3D01C1CB49300A38B32 /* btn-car3.png */ = {isa = PBXFileReference; lastKnownFileType = image.png; name = "btn-car3.png"; path = "../../../../../hubiC/JON-RemoteMac/car_graphics/btn-car3.png"; sourceTree = "<group>"; };
		91C7E3D11C1CB49300A38B32 /* btn-car3@2x.png */ = {isa = PBXFileReference; lastKnownFileType = image.png; name = "btn-car3@2x.png"; path = "../../../../../hubiC/JON-RemoteMac/car_graphics/btn-car3@2x.png"; sourceTree = "<group>"; };
		91C7E3D31C1CB49300A38B32 /* btn-easy@2x.png */ = {isa = PBXFileReference; lastKnownFileType = image.png; name = "btn-easy@2x.png"; path = "../../../../../hubiC/JON-RemoteMac/car_graphics/btn-easy@2x.png"; sourceTree = "<group>"; };
		91C7E3D51C1CB49300A38B32 /* btn-fast@2x.png */ = {isa = PBXFileReference; lastKnownFileType = image.png; name = "btn-fast@2x.png"; path = "../../../../../hubiC/JON-RemoteMac/car_graphics/btn-fast@2x.png"; sourceTree = "<group>"; };
		91C7E3D81C1CB49300A38B32 /* btn-hard@2x.png */ = {isa = PBXFileReference; lastKnownFileType = image.png; name = "btn-hard@2x.png"; path = "../../../../../hubiC/JON-RemoteMac/car_graphics/btn-hard@2x.png"; sourceTree = "<group>"; };
		91C7E3DB1C1CB49300A38B32 /* btn-medium@2x.png */ = {isa = PBXFileReference; lastKnownFileType = image.png; name = "btn-medium@2x.png"; path = "../../../../../hubiC/JON-RemoteMac/car_graphics/btn-medium@2x.png"; sourceTree = "<group>"; };
		91C7E3DD1C1CB49300A38B32 /* btn-pause.png */ = {isa = PBXFileReference; lastKnownFileType = image.png; name = "btn-pause.png"; path = "../../../../../hubiC/JON-RemoteMac/car_graphics/btn-pause.png"; sourceTree = "<group>"; };
		91C7E3DE1C1CB49300A38B32 /* btn-pause@2x.png */ = {isa = PBXFileReference; lastKnownFileType = image.png; name = "btn-pause@2x.png"; path = "../../../../../hubiC/JON-RemoteMac/car_graphics/btn-pause@2x.png"; sourceTree = "<group>"; };
		91C7E3DF1C1CB49300A38B32 /* btn-play-new.png */ = {isa = PBXFileReference; lastKnownFileType = image.png; name = "btn-play-new.png"; path = "../../../../../hubiC/JON-RemoteMac/car_graphics/btn-play-new.png"; sourceTree = "<group>"; };
		91C7E3E01C1CB49300A38B32 /* btn-play@-new2x.png */ = {isa = PBXFileReference; lastKnownFileType = image.png; name = "btn-play@-new2x.png"; path = "../../../../../hubiC/JON-RemoteMac/car_graphics/btn-play@-new2x.png"; sourceTree = "<group>"; };
		91C7E3E11C1CB49300A38B32 /* btn-select-car@2x.png */ = {isa = PBXFileReference; lastKnownFileType = image.png; name = "btn-select-car@2x.png"; path = "../../../../../hubiC/JON-RemoteMac/car_graphics/btn-select-car@2x.png"; sourceTree = "<group>"; };
		91C7E3E21C1CB49300A38B32 /* btn-select-track@2x.png */ = {isa = PBXFileReference; lastKnownFileType = image.png; name = "btn-select-track@2x.png"; path = "../../../../../hubiC/JON-RemoteMac/car_graphics/btn-select-track@2x.png"; sourceTree = "<group>"; };
		91C7E3E31C1CB49300A38B32 /* btn-slow@2x.png */ = {isa = PBXFileReference; lastKnownFileType = image.png; name = "btn-slow@2x.png"; path = "../../../../../hubiC/JON-RemoteMac/car_graphics/btn-slow@2x.png"; sourceTree = "<group>"; };
		91C7E3E41C1CB49300A38B32 /* btn-play@2x.png */ = {isa = PBXFileReference; lastKnownFileType = image.png; name = "btn-play@2x.png"; path = "../../../../../hubiC/JON-RemoteMac/car_graphics/btn-play@2x.png"; sourceTree = "<group>"; };
		91C7E3EE1C1CB49300A38B32 /* knob.png */ = {isa = PBXFileReference; lastKnownFileType = image.png; name = knob.png; path = "../../../../../hubiC/JON-RemoteMac/car_graphics/knob.png"; sourceTree = "<group>"; };
		91C7E3EF1C1CB49300A38B32 /* knob@2x.png */ = {isa = PBXFileReference; lastKnownFileType = image.png; name = "knob@2x.png"; path = "../../../../../hubiC/JON-RemoteMac/car_graphics/knob@2x.png"; sourceTree = "<group>"; };
		91C7E3F01C1CB49300A38B32 /* mmulogoshape.png */ = {isa = PBXFileReference; lastKnownFileType = image.png; name = mmulogoshape.png; path = "../../../../../hubiC/JON-RemoteMac/car_graphics/mmulogoshape.png"; sourceTree = "<group>"; };
		91C7E3F21C1CB49300A38B32 /* steering-wheel-horn.png */ = {isa = PBXFileReference; lastKnownFileType = image.png; name = "steering-wheel-horn.png"; path = "../../../../../hubiC/JON-RemoteMac/car_graphics/steering-wheel-horn.png"; sourceTree = "<group>"; };
		91C7E3F31C1CB49300A38B32 /* steering-wheel-horn@2x.png */ = {isa = PBXFileReference; lastKnownFileType = image.png; name = "steering-wheel-horn@2x.png"; path = "../../../../../hubiC/JON-RemoteMac/car_graphics/steering-wheel-horn@2x.png"; sourceTree = "<group>"; };
		91C7E42A1C1CBE7200A38B32 /* btn-easy.png */ = {isa = PBXFileReference; lastKnownFileType = image.png; name = "btn-easy.png"; path = "../../../../../hubiC/JON-RemoteMac/car_graphics/btn-easy.png"; sourceTree = "<group>"; };
		91C7E42B1C1CBE7200A38B32 /* btn-fast.png */ = {isa = PBXFileReference; lastKnownFileType = image.png; name = "btn-fast.png"; path = "../../../../../hubiC/JON-RemoteMac/car_graphics/btn-fast.png"; sourceTree = "<group>"; };
		91C7E42C1C1CBE7200A38B32 /* btn-hard.png */ = {isa = PBXFileReference; lastKnownFileType = image.png; name = "btn-hard.png"; path = "../../../../../hubiC/JON-RemoteMac/car_graphics/btn-hard.png"; sourceTree = "<group>"; };
		91C7E42D1C1CBE7200A38B32 /* btn-medium.png */ = {isa = PBXFileReference; lastKnownFileType = image.png; name = "btn-medium.png"; path = "../../../../../hubiC/JON-RemoteMac/car_graphics/btn-medium.png"; sourceTree = "<group>"; };
		91C7E42E1C1CBE7200A38B32 /* btn-select-car.png */ = {isa = PBXFileReference; lastKnownFileType = image.png; name = "btn-select-car.png"; path = "../../../../../hubiC/JON-RemoteMac/car_graphics/btn-select-car.png"; sourceTree = "<group>"; };
		91C7E42F1C1CBE7200A38B32 /* btn-select-track.png */ = {isa = PBXFileReference; lastKnownFileType = image.png; name = "btn-select-track.png"; path = "../../../../../hubiC/JON-RemoteMac/car_graphics/btn-select-track.png"; sourceTree = "<group>"; };
		91C7E4301C1CBE7200A38B32 /* btn-slow.png */ = {isa = PBXFileReference; lastKnownFileType = image.png; name = "btn-slow.png"; path = "../../../../../hubiC/JON-RemoteMac/car_graphics/btn-slow.png"; sourceTree = "<group>"; };
		91C7E4311C1CBE7200A38B32 /* btn-play.png */ = {isa = PBXFileReference; lastKnownFileType = image.png; name = "btn-play.png"; path = "../../../../../hubiC/JON-RemoteMac/car_graphics/btn-play.png"; sourceTree = "<group>"; };
		91C7E43A1C1CD92400A38B32 /* btn-info.png */ = {isa = PBXFileReference; lastKnownFileType = image.png; name = "btn-info.png"; path = "../../../../../Pictures/btn-info.png"; sourceTree = "<group>"; };
		91C7E43B1C1CD92400A38B32 /* btn-info@2x.png */ = {isa = PBXFileReference; lastKnownFileType = image.png; name = "btn-info@2x.png"; path = "../../../../../Pictures/btn-info@2x.png"; sourceTree = "<group>"; };
		91C7E43E1C1CDC0D00A38B32 /* btn-back.png */ = {isa = PBXFileReference; lastKnownFileType = image.png; name = "btn-back.png"; path = "../../../../../Pictures/btn-back.png"; sourceTree = "<group>"; };
		91C7E43F1C1CDC0D00A38B32 /* btn-back@2x.png */ = {isa = PBXFileReference; lastKnownFileType = image.png; name = "btn-back@2x.png"; path = "../../../../../Pictures/btn-back@2x.png"; sourceTree = "<group>"; };
		91C7E4401C1CDC0D00A38B32 /* btn-back2.png */ = {isa = PBXFileReference; lastKnownFileType = image.png; name = "btn-back2.png"; path = "../../../../../Pictures/btn-back2.png"; sourceTree = "<group>"; };
		91C7E4411C1CDC0D00A38B32 /* btn-back2@2x.png */ = {isa = PBXFileReference; lastKnownFileType = image.png; name = "btn-back2@2x.png"; path = "../../../../../Pictures/btn-back2@2x.png"; sourceTree = "<group>"; };
		91D3C4D31C1CF03B00F94643 /* bg-main-menu-base@2x.png */ = {isa = PBXFileReference; lastKnownFileType = image.png; name = "bg-main-menu-base@2x.png"; path = "../../../../../hubiC/JON-RemoteMac/car_graphics/bg-main-menu-base@2x.png"; sourceTree = "<group>"; };
		91D3C4D41C1CF03B00F94643 /* bg-main-menu@2x.png */ = {isa = PBXFileReference; lastKnownFileType = image.png; name = "bg-main-menu@2x.png"; path = "../../../../../hubiC/JON-RemoteMac/car_graphics/bg-main-menu@2x.png"; sourceTree = "<group>"; };
		91D3C4D51C1CF03B00F94643 /* bg-select-car.png */ = {isa = PBXFileReference; lastKnownFileType = image.png; name = "bg-select-car.png"; path = "../../../../../hubiC/JON-RemoteMac/car_graphics/bg-select-car.png"; sourceTree = "<group>"; };
		91D3C4D61C1CF03B00F94643 /* bg-select-car@2x.png */ = {isa = PBXFileReference; lastKnownFileType = image.png; name = "bg-select-car@2x.png"; path = "../../../../../hubiC/JON-RemoteMac/car_graphics/bg-select-car@2x.png"; sourceTree = "<group>"; };
		91D3C4D71C1CF03B00F94643 /* bg-select-difficulty.png */ = {isa = PBXFileReference; lastKnownFileType = image.png; name = "bg-select-difficulty.png"; path = "../../../../../hubiC/JON-RemoteMac/car_graphics/bg-select-difficulty.png"; sourceTree = "<group>"; };
		91D3C4D81C1CF03B00F94643 /* bg-select-difficulty@2x.png */ = {isa = PBXFileReference; lastKnownFileType = image.png; name = "bg-select-difficulty@2x.png"; path = "../../../../../hubiC/JON-RemoteMac/car_graphics/bg-select-difficulty@2x.png"; sourceTree = "<group>"; };
/* End PBXFileReference section */

/* Begin PBXFrameworksBuildPhase section */
		47117B341959CA1400B20209 /* Frameworks */ = {
			isa = PBXFrameworksBuildPhase;
			buildActionMask = 2147483647;
			files = (
				47117B3D1959CA1400B20209 /* CoreGraphics.framework in Frameworks */,
				47117B3F1959CA1400B20209 /* UIKit.framework in Frameworks */,
				47117B411959CA1400B20209 /* SpriteKit.framework in Frameworks */,
				47117B3B1959CA1400B20209 /* Foundation.framework in Frameworks */,
			);
			runOnlyForDeploymentPostprocessing = 0;
		};
		47117B5C1959CA1400B20209 /* Frameworks */ = {
			isa = PBXFrameworksBuildPhase;
			buildActionMask = 2147483647;
			files = (
				47117B611959CA1400B20209 /* XCTest.framework in Frameworks */,
				47117B631959CA1400B20209 /* UIKit.framework in Frameworks */,
				47117B621959CA1400B20209 /* Foundation.framework in Frameworks */,
			);
			runOnlyForDeploymentPostprocessing = 0;
		};
/* End PBXFrameworksBuildPhase section */

/* Begin PBXGroup section */
		47117B2E1959CA1400B20209 = {
			isa = PBXGroup;
			children = (
				47117B421959CA1400B20209 /* Drive */,
				47117B661959CA1400B20209 /* DriveTests */,
				47117B391959CA1400B20209 /* Frameworks */,
				47117B381959CA1400B20209 /* Products */,
			);
			sourceTree = "<group>";
		};
		47117B381959CA1400B20209 /* Products */ = {
			isa = PBXGroup;
			children = (
				47117B371959CA1400B20209 /* Drive.app */,
				47117B5F1959CA1400B20209 /* DriveTests.xctest */,
			);
			name = Products;
			sourceTree = "<group>";
		};
		47117B391959CA1400B20209 /* Frameworks */ = {
			isa = PBXGroup;
			children = (
				47117B3A1959CA1400B20209 /* Foundation.framework */,
				47117B3C1959CA1400B20209 /* CoreGraphics.framework */,
				47117B3E1959CA1400B20209 /* UIKit.framework */,
				47117B401959CA1400B20209 /* SpriteKit.framework */,
				47117B601959CA1400B20209 /* XCTest.framework */,
			);
			name = Frameworks;
			sourceTree = "<group>";
		};
		47117B421959CA1400B20209 /* Drive */ = {
			isa = PBXGroup;
			children = (
				475E5E7B195A5A610063FD68 /* Levels */,
				47FDCB881972B570003723C1 /* GameKit */,
				47696E3C195D27EA00A41AC6 /* SKTUtils */,
				475E5E4B195A5A610063FD68 /* Art */,
				47117B4B1959CA1400B20209 /* AppDelegate.h */,
				47117B4C1959CA1400B20209 /* AppDelegate.m */,
				47117B4E1959CA1400B20209 /* Main.storyboard */,
				47117B511959CA1400B20209 /* ViewController.h */,
				47117B521959CA1400B20209 /* ViewController.m */,
				475D2DA119625B000015C6B8 /* SelectCarViewController.h */,
				475D2DA219625B000015C6B8 /* SelectCarViewController.m */,
				475D2DA419625B310015C6B8 /* SelectLevelViewController.h */,
				475D2DA519625B310015C6B8 /* SelectLevelViewController.m */,
				47FDCB8C1972BF35003723C1 /* DriveNavigationController.h */,
				47FDCB8D1972BF35003723C1 /* DriveNavigationController.m */,
				47B293CA197D3E10006BE2D1 /* HomeScreenViewController.h */,
				47B293CB197D3E10006BE2D1 /* HomeScreenViewController.m */,
				47117B541959CA1400B20209 /* MyScene.h */,
				47117B551959CA1400B20209 /* MyScene.m */,
				47696E4C195D283500A41AC6 /* AnalogControl.h */,
				47696E4D195D283500A41AC6 /* AnalogControl.m */,
				47117B571959CA1400B20209 /* Spaceship.png */,
				47117B591959CA1400B20209 /* Images.xcassets */,
				47117B431959CA1400B20209 /* Supporting Files */,
			);
			path = Drive;
			sourceTree = "<group>";
		};
		47117B431959CA1400B20209 /* Supporting Files */ = {
			isa = PBXGroup;
			children = (
				47117B441959CA1400B20209 /* Drive-Info.plist */,
				47117B451959CA1400B20209 /* InfoPlist.strings */,
				47117B481959CA1400B20209 /* main.m */,
				47117B4A1959CA1400B20209 /* Drive-Prefix.pch */,
			);
			name = "Supporting Files";
			sourceTree = "<group>";
		};
		47117B661959CA1400B20209 /* DriveTests */ = {
			isa = PBXGroup;
			children = (
				47117B6C1959CA1400B20209 /* DriveTests.m */,
				47117B671959CA1400B20209 /* Supporting Files */,
			);
			path = DriveTests;
			sourceTree = "<group>";
		};
		47117B671959CA1400B20209 /* Supporting Files */ = {
			isa = PBXGroup;
			children = (
				47117B681959CA1400B20209 /* DriveTests-Info.plist */,
				47117B691959CA1400B20209 /* InfoPlist.strings */,
			);
			name = "Supporting Files";
			sourceTree = "<group>";
		};
		475E5E4B195A5A610063FD68 /* Art */ = {
			isa = PBXGroup;
			children = (
				475E5E4C195A5A610063FD68 /* AchievementIcons */,
				475E5E51195A5A610063FD68 /* Backgrounds */,
				475E5E5E195A5A610063FD68 /* Images */,
				475E5E7D195A5A610063FD68 /* Sounds */,
				475E5E84195A5A610063FD68 /* sprites.atlas */,
			);
			path = Art;
			sourceTree = "<group>";
		};
		475E5E4C195A5A610063FD68 /* AchievementIcons */ = {
			isa = PBXGroup;
			children = (
				91C7E3A01C1CB27900A38B32 /* achievment-amateur.png */,
				91C7E3A11C1CB27900A38B32 /* achievment-destruction.png */,
				91C7E3A21C1CB27900A38B32 /* achievment-intermediate.png */,
				91C7E3A31C1CB27900A38B32 /* achievment-professional.png */,
			);
			path = AchievementIcons;
			sourceTree = "<group>";
		};
		475E5E51195A5A610063FD68 /* Backgrounds */ = {
			isa = PBXGroup;
			children = (
				91D3C4D31C1CF03B00F94643 /* bg-main-menu-base@2x.png */,
				91D3C4D41C1CF03B00F94643 /* bg-main-menu@2x.png */,
				91D3C4D51C1CF03B00F94643 /* bg-select-car.png */,
				91D3C4D61C1CF03B00F94643 /* bg-select-car@2x.png */,
				91D3C4D71C1CF03B00F94643 /* bg-select-difficulty.png */,
				91D3C4D81C1CF03B00F94643 /* bg-select-difficulty@2x.png */,
				91C7E3B61C1CB39C00A38B32 /* track_1.png */,
				91C7E3B71C1CB39C00A38B32 /* track_1@2x.png */,
				91C7E3B81C1CB39C00A38B32 /* track_2.png */,
				91C7E3B91C1CB39C00A38B32 /* track_2@2x.png */,
				91C7E3BA1C1CB39C00A38B32 /* track_3.png */,
				91C7E3BB1C1CB39C00A38B32 /* track_3@2x.png */,
			);
			path = Backgrounds;
			sourceTree = "<group>";
		};
		475E5E5E195A5A610063FD68 /* Images */ = {
			isa = PBXGroup;
			children = (
				91C7E3C61C1CB49300A38B32 /* base.png */,
				91C7E3C71C1CB49300A38B32 /* base@2x.png */,
				91C7E43E1C1CDC0D00A38B32 /* btn-back.png */,
				91C7E43F1C1CDC0D00A38B32 /* btn-back@2x.png */,
				91C7E4401C1CDC0D00A38B32 /* btn-back2.png */,
				91C7E4411C1CDC0D00A38B32 /* btn-back2@2x.png */,
				91C7E3CC1C1CB49300A38B32 /* btn-car1.png */,
				91C7E3CD1C1CB49300A38B32 /* btn-car1@2x.png */,
				91C7E3CE1C1CB49300A38B32 /* btn-car2.png */,
				91C7E3CF1C1CB49300A38B32 /* btn-car2@2x.png */,
				91C7E3D01C1CB49300A38B32 /* btn-car3.png */,
				91C7E3D11C1CB49300A38B32 /* btn-car3@2x.png */,
				91C7E42A1C1CBE7200A38B32 /* btn-easy.png */,
				91C7E3D31C1CB49300A38B32 /* btn-easy@2x.png */,
				91C7E42B1C1CBE7200A38B32 /* btn-fast.png */,
				91C7E3D51C1CB49300A38B32 /* btn-fast@2x.png */,
				475E5E6B195A5A610063FD68 /* btn-gamecenter.png */,
				475E5E6C195A5A610063FD68 /* btn-gamecenter@2x.png */,
				91C7E42C1C1CBE7200A38B32 /* btn-hard.png */,
				91C7E3D81C1CB49300A38B32 /* btn-hard@2x.png */,
				91C7E43A1C1CD92400A38B32 /* btn-info.png */,
				91C7E43B1C1CD92400A38B32 /* btn-info@2x.png */,
				91C7E42D1C1CBE7200A38B32 /* btn-medium.png */,
				91C7E3DB1C1CB49300A38B32 /* btn-medium@2x.png */,
				91C7E3DD1C1CB49300A38B32 /* btn-pause.png */,
				91C7E3DE1C1CB49300A38B32 /* btn-pause@2x.png */,
				91C7E3DF1C1CB49300A38B32 /* btn-play-new.png */,
				91C7E4311C1CBE7200A38B32 /* btn-play.png */,
				91C7E3E01C1CB49300A38B32 /* btn-play@-new2x.png */,
				91C7E3E41C1CB49300A38B32 /* btn-play@2x.png */,
				91C7E42E1C1CBE7200A38B32 /* btn-select-car.png */,
				91C7E3E11C1CB49300A38B32 /* btn-select-car@2x.png */,
				91C7E42F1C1CBE7200A38B32 /* btn-select-track.png */,
				91C7E3E21C1CB49300A38B32 /* btn-select-track@2x.png */,
				91C7E4301C1CBE7200A38B32 /* btn-slow.png */,
				91C7E3E31C1CB49300A38B32 /* btn-slow@2x.png */,
				91C7E3EE1C1CB49300A38B32 /* knob.png */,
				91C7E3EF1C1CB49300A38B32 /* knob@2x.png */,
				91C7E3F01C1CB49300A38B32 /* mmulogoshape.png */,
				91C7E3F21C1CB49300A38B32 /* steering-wheel-horn.png */,
				91C7E3F31C1CB49300A38B32 /* steering-wheel-horn@2x.png */,
				475E5E79195A5A610063FD68 /* steering-wheel.png */,
				475E5E7A195A5A610063FD68 /* steering-wheel@2x.png */,
			);
			path = Images;
			sourceTree = "<group>";
		};
		475E5E7B195A5A610063FD68 /* Levels */ = {
			isa = PBXGroup;
			children = (
				475E5E7C195A5A610063FD68 /* LevelDetails.plist */,
			);
			name = Levels;
			path = Art/Levels;
			sourceTree = "<group>";
		};
		475E5E7D195A5A610063FD68 /* Sounds */ = {
			isa = PBXGroup;
			children = (
				475E5E7E195A5A610063FD68 /* box.wav */,
				475E5E7F195A5A610063FD68 /* button_press.wav */,
				475E5E80195A5A610063FD68 /* circuitracer.mp3 */,
				475E5E81195A5A610063FD68 /* horn.wav */,
				475E5E82195A5A610063FD68 /* lap.wav */,
				475E5E83195A5A610063FD68 /* nitro.wav */,
			);
			path = Sounds;
			sourceTree = "<group>";
		};
		47696E3C195D27EA00A41AC6 /* SKTUtils */ = {
			isa = PBXGroup;
			children = (
				47696E3D195D27EA00A41AC6 /* SKAction+SKTExtras.h */,
				47696E3E195D27EA00A41AC6 /* SKAction+SKTExtras.m */,
				47696E3F195D27EA00A41AC6 /* SKEmitterNode+SKTExtras.h */,
				47696E40195D27EA00A41AC6 /* SKEmitterNode+SKTExtras.m */,
				47696E41195D27EA00A41AC6 /* SKNode+SKTExtras.h */,
				47696E42195D27EA00A41AC6 /* SKNode+SKTExtras.m */,
				47696E43195D27EA00A41AC6 /* SKTAudio.h */,
				47696E44195D27EA00A41AC6 /* SKTAudio.m */,
				47696E45195D27EA00A41AC6 /* SKTUtils.h */,
				47696E46195D27EA00A41AC6 /* SKTUtils.mm */,
			);
			path = SKTUtils;
			sourceTree = "<group>";
		};
		47FDCB881972B570003723C1 /* GameKit */ = {
			isa = PBXGroup;
			children = (
				47FDCB891972B59B003723C1 /* GameKitHelper.h */,
				47FDCB8A1972B59B003723C1 /* GameKitHelper.m */,
				47FDCB8F1972CB4A003723C1 /* AchievementsHelper.h */,
				47FDCB901972CB4A003723C1 /* AchievementsHelper.m */,
			);
			name = GameKit;
			sourceTree = "<group>";
		};
/* End PBXGroup section */

/* Begin PBXNativeTarget section */
		47117B361959CA1400B20209 /* Drive */ = {
			isa = PBXNativeTarget;
			buildConfigurationList = 47117B701959CA1400B20209 /* Build configuration list for PBXNativeTarget "Drive" */;
			buildPhases = (
				47117B331959CA1400B20209 /* Sources */,
				47117B341959CA1400B20209 /* Frameworks */,
				47117B351959CA1400B20209 /* Resources */,
			);
			buildRules = (
			);
			dependencies = (
			);
			name = Drive;
			productName = Drive;
			productReference = 47117B371959CA1400B20209 /* Drive.app */;
			productType = "com.apple.product-type.application";
		};
		47117B5E1959CA1400B20209 /* DriveTests */ = {
			isa = PBXNativeTarget;
			buildConfigurationList = 47117B731959CA1400B20209 /* Build configuration list for PBXNativeTarget "DriveTests" */;
			buildPhases = (
				47117B5B1959CA1400B20209 /* Sources */,
				47117B5C1959CA1400B20209 /* Frameworks */,
				47117B5D1959CA1400B20209 /* Resources */,
			);
			buildRules = (
			);
			dependencies = (
				47117B651959CA1400B20209 /* PBXTargetDependency */,
			);
			name = DriveTests;
			productName = DriveTests;
			productReference = 47117B5F1959CA1400B20209 /* DriveTests.xctest */;
			productType = "com.apple.product-type.bundle.unit-test";
		};
/* End PBXNativeTarget section */

/* Begin PBXProject section */
		47117B2F1959CA1400B20209 /* Project object */ = {
			isa = PBXProject;
			attributes = {
				LastUpgradeCheck = 0710;
				ORGANIZATIONNAME = "Ryoichi Hara";
				TargetAttributes = {
					47117B361959CA1400B20209 = {
						DevelopmentTeam = 4SPW49WK35;
						SystemCapabilities = {
							com.apple.GameCenter = {
								enabled = 0;
							};
						};
					};
					47117B5E1959CA1400B20209 = {
						TestTargetID = 47117B361959CA1400B20209;
					};
				};
			};
			buildConfigurationList = 47117B321959CA1400B20209 /* Build configuration list for PBXProject "Drive" */;
			compatibilityVersion = "Xcode 3.2";
			developmentRegion = English;
			hasScannedForEncodings = 0;
			knownRegions = (
				en,
				Base,
			);
			mainGroup = 47117B2E1959CA1400B20209;
			productRefGroup = 47117B381959CA1400B20209 /* Products */;
			projectDirPath = "";
			projectRoot = "";
			targets = (
				47117B361959CA1400B20209 /* Drive */,
				47117B5E1959CA1400B20209 /* DriveTests */,
			);
		};
/* End PBXProject section */

/* Begin PBXResourcesBuildPhase section */
		47117B351959CA1400B20209 /* Resources */ = {
			isa = PBXResourcesBuildPhase;
			buildActionMask = 2147483647;
			files = (
				91C7E4071C1CB49300A38B32 /* btn-fast@2x.png in Resources */,
				91C7E4111C1CB49300A38B32 /* btn-play-new.png in Resources */,
				91C7E3FE1C1CB49300A38B32 /* btn-car1.png in Resources */,
				47117B471959CA1400B20209 /* InfoPlist.strings in Resources */,
				91C7E3A41C1CB27900A38B32 /* achievment-amateur.png in Resources */,
				475E5EA2195A5A610063FD68 /* btn-gamecenter@2x.png in Resources */,
				475E5EB6195A5A610063FD68 /* lap.wav in Resources */,
				91C7E4151C1CB49300A38B32 /* btn-slow@2x.png in Resources */,
				91C7E4441C1CDC0D00A38B32 /* btn-back2.png in Resources */,
				91C7E3C21C1CB39C00A38B32 /* track_3@2x.png in Resources */,
				91C7E4241C1CB49300A38B32 /* steering-wheel-horn.png in Resources */,
				47117B5A1959CA1400B20209 /* Images.xcassets in Resources */,
				91C7E4251C1CB49300A38B32 /* steering-wheel-horn@2x.png in Resources */,
				91C7E4141C1CB49300A38B32 /* btn-select-track@2x.png in Resources */,
				47117B581959CA1400B20209 /* Spaceship.png in Resources */,
				91C7E43C1C1CD92400A38B32 /* btn-info.png in Resources */,
				91D3C4D91C1CF03B00F94643 /* bg-main-menu-base@2x.png in Resources */,
				91C7E4331C1CBE7200A38B32 /* btn-fast.png in Resources */,
				475E5EAF195A5A610063FD68 /* steering-wheel.png in Resources */,
				91C7E40F1C1CB49300A38B32 /* btn-pause.png in Resources */,
				475E5EB7195A5A610063FD68 /* nitro.wav in Resources */,
				91C7E3FF1C1CB49300A38B32 /* btn-car1@2x.png in Resources */,
				91D3C4DE1C1CF03B00F94643 /* bg-select-difficulty@2x.png in Resources */,
				91C7E4211C1CB49300A38B32 /* knob@2x.png in Resources */,
				91C7E4131C1CB49300A38B32 /* btn-select-car@2x.png in Resources */,
				91C7E40A1C1CB49300A38B32 /* btn-hard@2x.png in Resources */,
				91C7E4361C1CBE7200A38B32 /* btn-select-car.png in Resources */,
				91C7E4221C1CB49300A38B32 /* mmulogoshape.png in Resources */,
				91C7E4381C1CBE7200A38B32 /* btn-slow.png in Resources */,
				91C7E4021C1CB49300A38B32 /* btn-car3.png in Resources */,
				91C7E3C11C1CB39C00A38B32 /* track_3.png in Resources */,
				91C7E4201C1CB49300A38B32 /* knob.png in Resources */,
				91C7E3A71C1CB27900A38B32 /* achievment-professional.png in Resources */,
				91C7E3A61C1CB27900A38B32 /* achievment-intermediate.png in Resources */,
				91C7E43D1C1CD92400A38B32 /* btn-info@2x.png in Resources */,
				91D3C4DA1C1CF03B00F94643 /* bg-main-menu@2x.png in Resources */,
				91D3C4DC1C1CF03B00F94643 /* bg-select-car@2x.png in Resources */,
				91C7E3C01C1CB39C00A38B32 /* track_2@2x.png in Resources */,
				91C7E4321C1CBE7200A38B32 /* btn-easy.png in Resources */,
				91D3C4DB1C1CF03B00F94643 /* bg-select-car.png in Resources */,
				91C7E4421C1CDC0D00A38B32 /* btn-back.png in Resources */,
				47117B501959CA1400B20209 /* Main.storyboard in Resources */,
				91C7E3BF1C1CB39C00A38B32 /* track_2.png in Resources */,
				91C7E3F81C1CB49300A38B32 /* base.png in Resources */,
				91C7E4351C1CBE7200A38B32 /* btn-medium.png in Resources */,
				91C7E4001C1CB49300A38B32 /* btn-car2.png in Resources */,
				91C7E4391C1CBE7200A38B32 /* btn-play.png in Resources */,
				475E5EB0195A5A610063FD68 /* steering-wheel@2x.png in Resources */,
				475E5EB4195A5A610063FD68 /* circuitracer.mp3 in Resources */,
				91C7E4431C1CDC0D00A38B32 /* btn-back@2x.png in Resources */,
				91C7E4161C1CB49300A38B32 /* btn-play@2x.png in Resources */,
				91C7E4371C1CBE7200A38B32 /* btn-select-track.png in Resources */,
				91D3C4DD1C1CF03B00F94643 /* bg-select-difficulty.png in Resources */,
				91C7E3A51C1CB27900A38B32 /* achievment-destruction.png in Resources */,
				475E5EB8195A5A610063FD68 /* sprites.atlas in Resources */,
				475E5EB2195A5A610063FD68 /* box.wav in Resources */,
				475E5EB5195A5A610063FD68 /* horn.wav in Resources */,
				475E5EB1195A5A610063FD68 /* LevelDetails.plist in Resources */,
				91C7E3F91C1CB49300A38B32 /* base@2x.png in Resources */,
				91C7E40D1C1CB49300A38B32 /* btn-medium@2x.png in Resources */,
				91C7E4011C1CB49300A38B32 /* btn-car2@2x.png in Resources */,
				475E5EA1195A5A610063FD68 /* btn-gamecenter.png in Resources */,
				91C7E3BD1C1CB39C00A38B32 /* track_1.png in Resources */,
				91C7E4121C1CB49300A38B32 /* btn-play@-new2x.png in Resources */,
				91C7E4031C1CB49300A38B32 /* btn-car3@2x.png in Resources */,
				91C7E4101C1CB49300A38B32 /* btn-pause@2x.png in Resources */,
				475E5EB3195A5A610063FD68 /* button_press.wav in Resources */,
				91C7E4451C1CDC0D00A38B32 /* btn-back2@2x.png in Resources */,
				91C7E4051C1CB49300A38B32 /* btn-easy@2x.png in Resources */,
				91C7E3BE1C1CB39C00A38B32 /* track_1@2x.png in Resources */,
				91C7E4341C1CBE7200A38B32 /* btn-hard.png in Resources */,
			);
			runOnlyForDeploymentPostprocessing = 0;
		};
		47117B5D1959CA1400B20209 /* Resources */ = {
			isa = PBXResourcesBuildPhase;
			buildActionMask = 2147483647;
			files = (
				47117B6B1959CA1400B20209 /* InfoPlist.strings in Resources */,
			);
			runOnlyForDeploymentPostprocessing = 0;
		};
/* End PBXResourcesBuildPhase section */

/* Begin PBXSourcesBuildPhase section */
		47117B331959CA1400B20209 /* Sources */ = {
			isa = PBXSourcesBuildPhase;
			buildActionMask = 2147483647;
			files = (
				47117B561959CA1400B20209 /* MyScene.m in Sources */,
				475D2DA619625B310015C6B8 /* SelectLevelViewController.m in Sources */,
				47696E4A195D27EA00A41AC6 /* SKTAudio.m in Sources */,
				47FDCB8B1972B59B003723C1 /* GameKitHelper.m in Sources */,
				47117B531959CA1400B20209 /* ViewController.m in Sources */,
				47696E48195D27EA00A41AC6 /* SKEmitterNode+SKTExtras.m in Sources */,
				47696E4B195D27EA00A41AC6 /* SKTUtils.mm in Sources */,
				47696E47195D27EA00A41AC6 /* SKAction+SKTExtras.m in Sources */,
				47FDCB911972CB4A003723C1 /* AchievementsHelper.m in Sources */,
				47117B4D1959CA1400B20209 /* AppDelegate.m in Sources */,
				47696E4E195D283500A41AC6 /* AnalogControl.m in Sources */,
				47696E49195D27EA00A41AC6 /* SKNode+SKTExtras.m in Sources */,
				47FDCB8E1972BF35003723C1 /* DriveNavigationController.m in Sources */,
				47B293CC197D3E10006BE2D1 /* HomeScreenViewController.m in Sources */,
				47117B491959CA1400B20209 /* main.m in Sources */,
				475D2DA319625B000015C6B8 /* SelectCarViewController.m in Sources */,
			);
			runOnlyForDeploymentPostprocessing = 0;
		};
		47117B5B1959CA1400B20209 /* Sources */ = {
			isa = PBXSourcesBuildPhase;
			buildActionMask = 2147483647;
			files = (
				47117B6D1959CA1400B20209 /* DriveTests.m in Sources */,
			);
			runOnlyForDeploymentPostprocessing = 0;
		};
/* End PBXSourcesBuildPhase section */

/* Begin PBXTargetDependency section */
		47117B651959CA1400B20209 /* PBXTargetDependency */ = {
			isa = PBXTargetDependency;
			target = 47117B361959CA1400B20209 /* Drive */;
			targetProxy = 47117B641959CA1400B20209 /* PBXContainerItemProxy */;
		};
/* End PBXTargetDependency section */

/* Begin PBXVariantGroup section */
		47117B451959CA1400B20209 /* InfoPlist.strings */ = {
			isa = PBXVariantGroup;
			children = (
				47117B461959CA1400B20209 /* en */,
			);
			name = InfoPlist.strings;
			sourceTree = "<group>";
		};
		47117B4E1959CA1400B20209 /* Main.storyboard */ = {
			isa = PBXVariantGroup;
			children = (
				47117B4F1959CA1400B20209 /* Base */,
			);
			name = Main.storyboard;
			sourceTree = "<group>";
		};
		47117B691959CA1400B20209 /* InfoPlist.strings */ = {
			isa = PBXVariantGroup;
			children = (
				47117B6A1959CA1400B20209 /* en */,
			);
			name = InfoPlist.strings;
			sourceTree = "<group>";
		};
/* End PBXVariantGroup section */

/* Begin XCBuildConfiguration section */
		47117B6E1959CA1400B20209 /* Debug */ = {
			isa = XCBuildConfiguration;
			buildSettings = {
				ALWAYS_SEARCH_USER_PATHS = NO;
				CLANG_CXX_LANGUAGE_STANDARD = "gnu++0x";
				CLANG_CXX_LIBRARY = "libc++";
				CLANG_ENABLE_MODULES = YES;
				CLANG_ENABLE_OBJC_ARC = YES;
				CLANG_WARN_BOOL_CONVERSION = YES;
				CLANG_WARN_CONSTANT_CONVERSION = YES;
				CLANG_WARN_DIRECT_OBJC_ISA_USAGE = YES_ERROR;
				CLANG_WARN_EMPTY_BODY = YES;
				CLANG_WARN_ENUM_CONVERSION = YES;
				CLANG_WARN_INT_CONVERSION = YES;
				CLANG_WARN_OBJC_ROOT_CLASS = YES_ERROR;
				CLANG_WARN__DUPLICATE_METHOD_MATCH = YES;
				"CODE_SIGN_IDENTITY[sdk=iphoneos*]" = "iPhone Developer";
				COPY_PHASE_STRIP = NO;
				ENABLE_TESTABILITY = YES;
				GCC_C_LANGUAGE_STANDARD = gnu99;
				GCC_DYNAMIC_NO_PIC = NO;
				GCC_OPTIMIZATION_LEVEL = 0;
				GCC_PREPROCESSOR_DEFINITIONS = (
					"DEBUG=1",
					"$(inherited)",
				);
				GCC_SYMBOLS_PRIVATE_EXTERN = NO;
				GCC_WARN_64_TO_32_BIT_CONVERSION = YES;
				GCC_WARN_ABOUT_RETURN_TYPE = YES_ERROR;
				GCC_WARN_UNDECLARED_SELECTOR = YES;
				GCC_WARN_UNINITIALIZED_AUTOS = YES_AGGRESSIVE;
				GCC_WARN_UNUSED_FUNCTION = YES;
				GCC_WARN_UNUSED_VARIABLE = YES;
				IPHONEOS_DEPLOYMENT_TARGET = 7.1;
				ONLY_ACTIVE_ARCH = YES;
				SDKROOT = iphoneos;
			};
			name = Debug;
		};
		47117B6F1959CA1400B20209 /* Release */ = {
			isa = XCBuildConfiguration;
			buildSettings = {
				ALWAYS_SEARCH_USER_PATHS = NO;
				CLANG_CXX_LANGUAGE_STANDARD = "gnu++0x";
				CLANG_CXX_LIBRARY = "libc++";
				CLANG_ENABLE_MODULES = YES;
				CLANG_ENABLE_OBJC_ARC = YES;
				CLANG_WARN_BOOL_CONVERSION = YES;
				CLANG_WARN_CONSTANT_CONVERSION = YES;
				CLANG_WARN_DIRECT_OBJC_ISA_USAGE = YES_ERROR;
				CLANG_WARN_EMPTY_BODY = YES;
				CLANG_WARN_ENUM_CONVERSION = YES;
				CLANG_WARN_INT_CONVERSION = YES;
				CLANG_WARN_OBJC_ROOT_CLASS = YES_ERROR;
				CLANG_WARN__DUPLICATE_METHOD_MATCH = YES;
				CODE_SIGN_IDENTITY = "iPhone Distribution: manchester metropolitan University";
				"CODE_SIGN_IDENTITY[sdk=iphoneos*]" = "iPhone Distribution: manchester metropolitan University";
				COPY_PHASE_STRIP = YES;
				ENABLE_NS_ASSERTIONS = NO;
				GCC_C_LANGUAGE_STANDARD = gnu99;
				GCC_WARN_64_TO_32_BIT_CONVERSION = YES;
				GCC_WARN_ABOUT_RETURN_TYPE = YES_ERROR;
				GCC_WARN_UNDECLARED_SELECTOR = YES;
				GCC_WARN_UNINITIALIZED_AUTOS = YES_AGGRESSIVE;
				GCC_WARN_UNUSED_FUNCTION = YES;
				GCC_WARN_UNUSED_VARIABLE = YES;
				IPHONEOS_DEPLOYMENT_TARGET = 7.1;
				SDKROOT = iphoneos;
				VALIDATE_PRODUCT = YES;
			};
			name = Release;
		};
		47117B711959CA1400B20209 /* Debug */ = {
			isa = XCBuildConfiguration;
			buildSettings = {
				ASSETCATALOG_COMPILER_APPICON_NAME = AppIcon;
				ASSETCATALOG_COMPILER_LAUNCHIMAGE_NAME = LaunchImage;
				CODE_SIGN_IDENTITY = "iPhone Developer";
				"CODE_SIGN_IDENTITY[sdk=iphoneos*]" = "iPhone Developer";
				GCC_PRECOMPILE_PREFIX_HEADER = YES;
				GCC_PREFIX_HEADER = "Drive/Drive-Prefix.pch";
				INFOPLIST_FILE = "Drive/Drive-Info.plist";
				PRODUCT_BUNDLE_IDENTIFIER = uk.ac.mmu.ess.www.jah.Drive;
				PRODUCT_NAME = "$(TARGET_NAME)";
				PROVISIONING_PROFILE = "";
				SPRITEKIT_TEXTURE_ATLAS_OUTPUT = YES;
				WRAPPER_EXTENSION = app;
			};
			name = Debug;
		};
		47117B721959CA1400B20209 /* Release */ = {
			isa = XCBuildConfiguration;
			buildSettings = {
				ASSETCATALOG_COMPILER_APPICON_NAME = AppIcon;
				ASSETCATALOG_COMPILER_LAUNCHIMAGE_NAME = LaunchImage;
				CODE_SIGN_IDENTITY = "iPhone Developer";
				"CODE_SIGN_IDENTITY[sdk=iphoneos*]" = "iPhone Developer";
				GCC_PRECOMPILE_PREFIX_HEADER = YES;
				GCC_PREFIX_HEADER = "Drive/Drive-Prefix.pch";
				INFOPLIST_FILE = "Drive/Drive-Info.plist";
				PRODUCT_BUNDLE_IDENTIFIER = uk.ac.mmu.ess.www.jah.Drive;
				PRODUCT_NAME = "$(TARGET_NAME)";
				PROVISIONING_PROFILE = "";
				SPRITEKIT_TEXTURE_ATLAS_OUTPUT = YES;
				WRAPPER_EXTENSION = app;
			};
			name = Release;
		};
		47117B741959CA1400B20209 /* Debug */ = {
			isa = XCBuildConfiguration;
			buildSettings = {
				BUNDLE_LOADER = "$(BUILT_PRODUCTS_DIR)/Drive.app/Drive";
				FRAMEWORK_SEARCH_PATHS = (
					"$(SDKROOT)/Developer/Library/Frameworks",
					"$(inherited)",
					"$(DEVELOPER_FRAMEWORKS_DIR)",
				);
				GCC_PRECOMPILE_PREFIX_HEADER = YES;
				GCC_PREFIX_HEADER = "Drive/Drive-Prefix.pch";
				GCC_PREPROCESSOR_DEFINITIONS = (
					"DEBUG=1",
					"$(inherited)",
				);
				INFOPLIST_FILE = "DriveTests/DriveTests-Info.plist";
				PRODUCT_BUNDLE_IDENTIFIER = "uk.ac.mmu.ess.jah.${PRODUCT_NAME:rfc1034identifier}";
				PRODUCT_NAME = "$(TARGET_NAME)";
				TEST_HOST = "$(BUNDLE_LOADER)";
				WRAPPER_EXTENSION = xctest;
			};
			name = Debug;
		};
		47117B751959CA1400B20209 /* Release */ = {
			isa = XCBuildConfiguration;
			buildSettings = {
				BUNDLE_LOADER = "$(BUILT_PRODUCTS_DIR)/Drive.app/Drive";
				FRAMEWORK_SEARCH_PATHS = (
					"$(SDKROOT)/Developer/Library/Frameworks",
					"$(inherited)",
					"$(DEVELOPER_FRAMEWORKS_DIR)",
				);
				GCC_PRECOMPILE_PREFIX_HEADER = YES;
				GCC_PREFIX_HEADER = "Drive/Drive-Prefix.pch";
				INFOPLIST_FILE = "DriveTests/DriveTests-Info.plist";
				PRODUCT_BUNDLE_IDENTIFIER = "uk.ac.mmu.ess.jah.${PRODUCT_NAME:rfc1034identifier}";
				PRODUCT_NAME = "$(TARGET_NAME)";
				TEST_HOST = "$(BUNDLE_LOADER)";
				WRAPPER_EXTENSION = xctest;
			};
			name = Release;
		};
/* End XCBuildConfiguration section */

/* Begin XCConfigurationList section */
		47117B321959CA1400B20209 /* Build configuration list for PBXProject "Drive" */ = {
			isa = XCConfigurationList;
			buildConfigurations = (
				47117B6E1959CA1400B20209 /* Debug */,
				47117B6F1959CA1400B20209 /* Release */,
			);
			defaultConfigurationIsVisible = 0;
			defaultConfigurationName = Release;
		};
		47117B701959CA1400B20209 /* Build configuration list for PBXNativeTarget "Drive" */ = {
			isa = XCConfigurationList;
			buildConfigurations = (
				47117B711959CA1400B20209 /* Debug */,
				47117B721959CA1400B20209 /* Release */,
			);
			defaultConfigurationIsVisible = 0;
			defaultConfigurationName = Release;
		};
		47117B731959CA1400B20209 /* Build configuration list for PBXNativeTarget "DriveTests" */ = {
			isa = XCConfigurationList;
			buildConfigurations = (
				47117B741959CA1400B20209 /* Debug */,
				47117B751959CA1400B20209 /* Release */,
			);
			defaultConfigurationIsVisible = 0;
			defaultConfigurationName = Release;
		};
/* End XCConfigurationList section */
	};
	rootObject = 47117B2F1959CA1400B20209 /* Project object */;
}
